
Microsoft Visual Studio Solution File, Format Version 12.00
# Visual Studio 15
VisualStudioVersion = 15.0.28307.852
MinimumVisualStudioVersion = 10.0.40219.1
Project("{FAE04EC0-301F-11D3-BF4B-00C04F79EFBC}") = "Notepad", "Notepad\Notepad.csproj", "{3B47DC04-6C26-4FFF-A430-CB14CF1C54CB}"
EndProject
Global
	GlobalSection(SolutionConfigurationPlatforms) = preSolution
		Debug|Any CPU = Debug|Any CPU
		Release|Any CPU = Release|Any CPU
	EndGlobalSection
	GlobalSection(ProjectConfigurationPlatforms) = postSolution
		{3B47DC04-6C26-4FFF-A430-CB14CF1C54CB}.Debug|Any CPU.ActiveCfg = Debug|Any CPU
		{3B47DC04-6C26-4FFF-A430-CB14CF1C54CB}.Debug|Any CPU.Build.0 = Debug|Any CPU
		{3B47DC04-6C26-4FFF-A430-CB14CF1C54CB}.Release|Any CPU.ActiveCfg = Release|Any CPU
		{3B47DC04-6C26-4FFF-A430-CB14CF1C54CB}.Release|Any CPU.Build.0 = Release|Any CPU
	EndGlobalSection
	GlobalSection(SolutionProperties) = preSolution
		HideSolutionNode = FALSE
	EndGlobalSection
	GlobalSection(ExtensibilityGlobals) = postSolution
		SolutionGuid = {6B9F4552-E85C-4C4E-BC2E-DAFE7F7E4A58}
	EndGlobalSection
EndGlobal
